
Microsoft Visual Studio Solution File, Format Version 12.00
# Visual Studio Version 17
VisualStudioVersion = 17.9.34723.18
MinimumVisualStudioVersion = 10.0.40219.1
Project("{2150E333-8FDC-42A3-9474-1A3956D46DE8}") = "Backend", "Backend", "{A6B2A062-233F-40EB-83CD-DADF7AAF9105}"
EndProject
Project("{2150E333-8FDC-42A3-9474-1A3956D46DE8}") = "Frontend", "Frontend", "{7FDE04E0-8F48-4651-AC01-9ED1E6A09A31}"
EndProject
Project("{2150E333-8FDC-42A3-9474-1A3956D46DE8}") = "Libraries", "Libraries", "{42178B7B-AF30-462C-874C-D2ED9CD6F55C}"
EndProject
Project("{FAE04EC0-301F-11D3-BF4B-00C04F79EFBC}") = "DiplomProject.Backend.Api", "DiplomProject.Backend.Api\DiplomProject.Backend.Api.csproj", "{98A2A448-DE40-429C-8043-89EA10A851B4}"
EndProject
Project("{2150E333-8FDC-42A3-9474-1A3956D46DE8}") = "Services", "Services", "{83C184B7-71D5-4A40-BC38-55E7E648E9CB}"
EndProject
Project("{FAE04EC0-301F-11D3-BF4B-00C04F79EFBC}") = "DiplomProject.DTOLibrary", "DiplomProject.DTOLibrary\DiplomProject.DTOLibrary.csproj", "{CF078B0B-6162-4B31-BC1E-61794DEFB300}"
EndProject
Global
	GlobalSection(SolutionConfigurationPlatforms) = preSolution
		Debug|Any CPU = Debug|Any CPU
		Release|Any CPU = Release|Any CPU
	EndGlobalSection
	GlobalSection(ProjectConfigurationPlatforms) = postSolution
		{98A2A448-DE40-429C-8043-89EA10A851B4}.Debug|Any CPU.ActiveCfg = Debug|Any CPU
		{98A2A448-DE40-429C-8043-89EA10A851B4}.Debug|Any CPU.Build.0 = Debug|Any CPU
		{98A2A448-DE40-429C-8043-89EA10A851B4}.Release|Any CPU.ActiveCfg = Release|Any CPU
		{98A2A448-DE40-429C-8043-89EA10A851B4}.Release|Any CPU.Build.0 = Release|Any CPU
		{CF078B0B-6162-4B31-BC1E-61794DEFB300}.Debug|Any CPU.ActiveCfg = Debug|Any CPU
		{CF078B0B-6162-4B31-BC1E-61794DEFB300}.Debug|Any CPU.Build.0 = Debug|Any CPU
		{CF078B0B-6162-4B31-BC1E-61794DEFB300}.Release|Any CPU.ActiveCfg = Release|Any CPU
		{CF078B0B-6162-4B31-BC1E-61794DEFB300}.Release|Any CPU.Build.0 = Release|Any CPU
	EndGlobalSection
	GlobalSection(SolutionProperties) = preSolution
		HideSolutionNode = FALSE
	EndGlobalSection
	GlobalSection(NestedProjects) = preSolution
		{98A2A448-DE40-429C-8043-89EA10A851B4} = {A6B2A062-233F-40EB-83CD-DADF7AAF9105}
		{83C184B7-71D5-4A40-BC38-55E7E648E9CB} = {A6B2A062-233F-40EB-83CD-DADF7AAF9105}
		{CF078B0B-6162-4B31-BC1E-61794DEFB300} = {42178B7B-AF30-462C-874C-D2ED9CD6F55C}
	EndGlobalSection
	GlobalSection(ExtensibilityGlobals) = postSolution
		SolutionGuid = {DC26CFB9-3328-4326-BBF5-66F1405EB446}
	EndGlobalSection
EndGlobal
